// !$*UTF8*$!
{
	archiveVersion = 1;
	classes = {
	};
	objectVersion = 46;
	objects = {

/* Begin PBXBuildFile section */
		7902C60E1DADDED7005FA334 /* MapViewFilterViewController.swift in Sources */ = {isa = PBXBuildFile; fileRef = 7902C60D1DADDED7005FA334 /* MapViewFilterViewController.swift */; };
		7902C6111DAE080C005FA334 /* Main.storyboard in Resources */ = {isa = PBXBuildFile; fileRef = 7902C60F1DAE080C005FA334 /* Main.storyboard */; };
		7902C6131DB069B6005FA334 /* AirbnbClient.swift in Sources */ = {isa = PBXBuildFile; fileRef = 7902C6121DB069B6005FA334 /* AirbnbClient.swift */; };
		7902C6151DB069C5005FA334 /* AirbnbConstants.swift in Sources */ = {isa = PBXBuildFile; fileRef = 7902C6141DB069C5005FA334 /* AirbnbConstants.swift */; };
		7902C6171DB09377005FA334 /* AirbnbMapViewController.swift in Sources */ = {isa = PBXBuildFile; fileRef = 7902C6161DB09377005FA334 /* AirbnbMapViewController.swift */; };
		797C78F61DC64FCA001D809E /* To_do in Resources */ = {isa = PBXBuildFile; fileRef = 797C78F51DC64FCA001D809E /* To_do */; };
		799D25681DC28978005AC0D9 /* CoreLocation.framework in Frameworks */ = {isa = PBXBuildFile; fileRef = 799D25671DC28978005AC0D9 /* CoreLocation.framework */; };
		79C31AE41DA4A520005A060F /* AppDelegate.swift in Sources */ = {isa = PBXBuildFile; fileRef = 79C31AE31DA4A520005A060F /* AppDelegate.swift */; };
		79C31AEB1DA4A520005A060F /* Assets.xcassets in Resources */ = {isa = PBXBuildFile; fileRef = 79C31AEA1DA4A520005A060F /* Assets.xcassets */; };
		79C31AEE1DA4A520005A060F /* LaunchScreen.storyboard in Resources */ = {isa = PBXBuildFile; fileRef = 79C31AEC1DA4A520005A060F /* LaunchScreen.storyboard */; };
		79C31AF91DA4A520005A060F /* T_CapstoneTests.swift in Sources */ = {isa = PBXBuildFile; fileRef = 79C31AF81DA4A520005A060F /* T_CapstoneTests.swift */; };
		79C31B041DA4A520005A060F /* T_CapstoneUITests.swift in Sources */ = {isa = PBXBuildFile; fileRef = 79C31B031DA4A520005A060F /* T_CapstoneUITests.swift */; };
		79C31B141DA4A620005A060F /* SkywaysClient.swift in Sources */ = {isa = PBXBuildFile; fileRef = 79C31B131DA4A620005A060F /* SkywaysClient.swift */; };
		79C31B161DA4A6DB005A060F /* SkywaysConstants.swift in Sources */ = {isa = PBXBuildFile; fileRef = 79C31B151DA4A6DB005A060F /* SkywaysConstants.swift */; };
		79C31B211DA4A945005A060F /* Places+CoreDataClass.swift in Sources */ = {isa = PBXBuildFile; fileRef = 79C31B1B1DA4A945005A060F /* Places+CoreDataClass.swift */; };
		79C31B231DA4A945005A060F /* Pin+CoreDataClass.swift in Sources */ = {isa = PBXBuildFile; fileRef = 79C31B1D1DA4A945005A060F /* Pin+CoreDataClass.swift */; };
		79C31B251DA4A945005A060F /* Quotes+CoreDataClass.swift in Sources */ = {isa = PBXBuildFile; fileRef = 79C31B1F1DA4A945005A060F /* Quotes+CoreDataClass.swift */; };
		79C31B281DA4A959005A060F /* CoreStackManager.swift in Sources */ = {isa = PBXBuildFile; fileRef = 79C31B271DA4A959005A060F /* CoreStackManager.swift */; };
		79C31B2B1DA4AEF9005A060F /* MapViewController.swift in Sources */ = {isa = PBXBuildFile; fileRef = 79C31B2A1DA4AEF9005A060F /* MapViewController.swift */; };
		79C31B2D1DA4B3D8005A060F /* PinSearchViewController.swift in Sources */ = {isa = PBXBuildFile; fileRef = 79C31B2C1DA4B3D8005A060F /* PinSearchViewController.swift */; };
		79C31B2F1DA57312005A060F /* CustomTableViewCell.swift in Sources */ = {isa = PBXBuildFile; fileRef = 79C31B2E1DA57312005A060F /* CustomTableViewCell.swift */; };
		79C31B361DA5ACFA005A060F /* Model.xcdatamodeld in Sources */ = {isa = PBXBuildFile; fileRef = 79C31B341DA5ACFA005A060F /* Model.xcdatamodeld */; };
		79CAC47A1DA86B2900D38CCE /* Pin+CoreDataProperties.swift in Sources */ = {isa = PBXBuildFile; fileRef = 79CAC4771DA86B2900D38CCE /* Pin+CoreDataProperties.swift */; };
		79CAC47B1DA86B2900D38CCE /* Places+CoreDataProperties.swift in Sources */ = {isa = PBXBuildFile; fileRef = 79CAC4781DA86B2900D38CCE /* Places+CoreDataProperties.swift */; };
		79CAC47C1DA86B2900D38CCE /* Quotes+CoreDataProperties.swift in Sources */ = {isa = PBXBuildFile; fileRef = 79CAC4791DA86B2900D38CCE /* Quotes+CoreDataProperties.swift */; };
/* End PBXBuildFile section */

/* Begin PBXContainerItemProxy section */
		79C31AF51DA4A520005A060F /* PBXContainerItemProxy */ = {
			isa = PBXContainerItemProxy;
			containerPortal = 79C31AD81DA4A520005A060F /* Project object */;
			proxyType = 1;
			remoteGlobalIDString = 79C31ADF1DA4A520005A060F;
			remoteInfo = "T Capstone";
		};
		79C31B001DA4A520005A060F /* PBXContainerItemProxy */ = {
			isa = PBXContainerItemProxy;
			containerPortal = 79C31AD81DA4A520005A060F /* Project object */;
			proxyType = 1;
			remoteGlobalIDString = 79C31ADF1DA4A520005A060F;
			remoteInfo = "T Capstone";
		};
/* End PBXContainerItemProxy section */

/* Begin PBXFileReference section */
		7902C60D1DADDED7005FA334 /* MapViewFilterViewController.swift */ = {isa = PBXFileReference; fileEncoding = 4; lastKnownFileType = sourcecode.swift; path = MapViewFilterViewController.swift; sourceTree = "<group>"; };
		7902C6101DAE080C005FA334 /* Base */ = {isa = PBXFileReference; lastKnownFileType = file.storyboard; name = Base; path = Base.lproj/Main.storyboard; sourceTree = "<group>"; };
		7902C6121DB069B6005FA334 /* AirbnbClient.swift */ = {isa = PBXFileReference; fileEncoding = 4; lastKnownFileType = sourcecode.swift; path = AirbnbClient.swift; sourceTree = "<group>"; };
		7902C6141DB069C5005FA334 /* AirbnbConstants.swift */ = {isa = PBXFileReference; fileEncoding = 4; lastKnownFileType = sourcecode.swift; path = AirbnbConstants.swift; sourceTree = "<group>"; };
		7902C6161DB09377005FA334 /* AirbnbMapViewController.swift */ = {isa = PBXFileReference; fileEncoding = 4; lastKnownFileType = sourcecode.swift; path = AirbnbMapViewController.swift; sourceTree = "<group>"; };
		797C78F51DC64FCA001D809E /* To_do */ = {isa = PBXFileReference; fileEncoding = 4; lastKnownFileType = text; path = To_do; sourceTree = "<group>"; };
		799D25671DC28978005AC0D9 /* CoreLocation.framework */ = {isa = PBXFileReference; lastKnownFileType = wrapper.framework; name = CoreLocation.framework; path = System/Library/Frameworks/CoreLocation.framework; sourceTree = SDKROOT; };
		79C31AE01DA4A520005A060F /* T Capstone.app */ = {isa = PBXFileReference; explicitFileType = wrapper.application; includeInIndex = 0; path = "T Capstone.app"; sourceTree = BUILT_PRODUCTS_DIR; };
		79C31AE31DA4A520005A060F /* AppDelegate.swift */ = {isa = PBXFileReference; lastKnownFileType = sourcecode.swift; path = AppDelegate.swift; sourceTree = "<group>"; };
		79C31AEA1DA4A520005A060F /* Assets.xcassets */ = {isa = PBXFileReference; lastKnownFileType = folder.assetcatalog; path = Assets.xcassets; sourceTree = "<group>"; };
		79C31AED1DA4A520005A060F /* Base */ = {isa = PBXFileReference; lastKnownFileType = file.storyboard; name = Base; path = Base.lproj/LaunchScreen.storyboard; sourceTree = "<group>"; };
		79C31AEF1DA4A520005A060F /* Info.plist */ = {isa = PBXFileReference; lastKnownFileType = text.plist.xml; path = Info.plist; sourceTree = "<group>"; };
		79C31AF41DA4A520005A060F /* T CapstoneTests.xctest */ = {isa = PBXFileReference; explicitFileType = wrapper.cfbundle; includeInIndex = 0; path = "T CapstoneTests.xctest"; sourceTree = BUILT_PRODUCTS_DIR; };
		79C31AF81DA4A520005A060F /* T_CapstoneTests.swift */ = {isa = PBXFileReference; lastKnownFileType = sourcecode.swift; path = T_CapstoneTests.swift; sourceTree = "<group>"; };
		79C31AFA1DA4A520005A060F /* Info.plist */ = {isa = PBXFileReference; lastKnownFileType = text.plist.xml; path = Info.plist; sourceTree = "<group>"; };
		79C31AFF1DA4A520005A060F /* T CapstoneUITests.xctest */ = {isa = PBXFileReference; explicitFileType = wrapper.cfbundle; includeInIndex = 0; path = "T CapstoneUITests.xctest"; sourceTree = BUILT_PRODUCTS_DIR; };
		79C31B031DA4A520005A060F /* T_CapstoneUITests.swift */ = {isa = PBXFileReference; lastKnownFileType = sourcecode.swift; path = T_CapstoneUITests.swift; sourceTree = "<group>"; };
		79C31B051DA4A520005A060F /* Info.plist */ = {isa = PBXFileReference; lastKnownFileType = text.plist.xml; path = Info.plist; sourceTree = "<group>"; };
		79C31B131DA4A620005A060F /* SkywaysClient.swift */ = {isa = PBXFileReference; fileEncoding = 4; lastKnownFileType = sourcecode.swift; path = SkywaysClient.swift; sourceTree = "<group>"; };
		79C31B151DA4A6DB005A060F /* SkywaysConstants.swift */ = {isa = PBXFileReference; fileEncoding = 4; lastKnownFileType = sourcecode.swift; path = SkywaysConstants.swift; sourceTree = "<group>"; };
		79C31B1B1DA4A945005A060F /* Places+CoreDataClass.swift */ = {isa = PBXFileReference; fileEncoding = 4; lastKnownFileType = sourcecode.swift; name = "Places+CoreDataClass.swift"; path = "../Places+CoreDataClass.swift"; sourceTree = "<group>"; };
		79C31B1D1DA4A945005A060F /* Pin+CoreDataClass.swift */ = {isa = PBXFileReference; fileEncoding = 4; lastKnownFileType = sourcecode.swift; name = "Pin+CoreDataClass.swift"; path = "../Pin+CoreDataClass.swift"; sourceTree = "<group>"; };
		79C31B1F1DA4A945005A060F /* Quotes+CoreDataClass.swift */ = {isa = PBXFileReference; fileEncoding = 4; lastKnownFileType = sourcecode.swift; name = "Quotes+CoreDataClass.swift"; path = "../Quotes+CoreDataClass.swift"; sourceTree = "<group>"; };
		79C31B271DA4A959005A060F /* CoreStackManager.swift */ = {isa = PBXFileReference; fileEncoding = 4; lastKnownFileType = sourcecode.swift; path = CoreStackManager.swift; sourceTree = "<group>"; };
		79C31B2A1DA4AEF9005A060F /* MapViewController.swift */ = {isa = PBXFileReference; fileEncoding = 4; lastKnownFileType = sourcecode.swift; path = MapViewController.swift; sourceTree = "<group>"; };
		79C31B2C1DA4B3D8005A060F /* PinSearchViewController.swift */ = {isa = PBXFileReference; fileEncoding = 4; lastKnownFileType = sourcecode.swift; path = PinSearchViewController.swift; sourceTree = "<group>"; };
		79C31B2E1DA57312005A060F /* CustomTableViewCell.swift */ = {isa = PBXFileReference; fileEncoding = 4; lastKnownFileType = sourcecode.swift; path = CustomTableViewCell.swift; sourceTree = "<group>"; };
		79C31B351DA5ACFA005A060F /* Model.xcdatamodel */ = {isa = PBXFileReference; lastKnownFileType = wrapper.xcdatamodel; path = Model.xcdatamodel; sourceTree = "<group>"; };
		79CAC4771DA86B2900D38CCE /* Pin+CoreDataProperties.swift */ = {isa = PBXFileReference; fileEncoding = 4; lastKnownFileType = sourcecode.swift; name = "Pin+CoreDataProperties.swift"; path = "../Pin+CoreDataProperties.swift"; sourceTree = "<group>"; };
		79CAC4781DA86B2900D38CCE /* Places+CoreDataProperties.swift */ = {isa = PBXFileReference; fileEncoding = 4; lastKnownFileType = sourcecode.swift; name = "Places+CoreDataProperties.swift"; path = "../Places+CoreDataProperties.swift"; sourceTree = "<group>"; };
		79CAC4791DA86B2900D38CCE /* Quotes+CoreDataProperties.swift */ = {isa = PBXFileReference; fileEncoding = 4; lastKnownFileType = sourcecode.swift; name = "Quotes+CoreDataProperties.swift"; path = "../Quotes+CoreDataProperties.swift"; sourceTree = "<group>"; };
/* End PBXFileReference section */

/* Begin PBXFrameworksBuildPhase section */
		79C31ADD1DA4A520005A060F /* Frameworks */ = {
			isa = PBXFrameworksBuildPhase;
			buildActionMask = 2147483647;
			files = (
				799D25681DC28978005AC0D9 /* CoreLocation.framework in Frameworks */,
			);
			runOnlyForDeploymentPostprocessing = 0;
		};
		79C31AF11DA4A520005A060F /* Frameworks */ = {
			isa = PBXFrameworksBuildPhase;
			buildActionMask = 2147483647;
			files = (
			);
			runOnlyForDeploymentPostprocessing = 0;
		};
		79C31AFC1DA4A520005A060F /* Frameworks */ = {
			isa = PBXFrameworksBuildPhase;
			buildActionMask = 2147483647;
			files = (
			);
			runOnlyForDeploymentPostprocessing = 0;
		};
/* End PBXFrameworksBuildPhase section */

/* Begin PBXGroup section */
		799D25661DC28978005AC0D9 /* Frameworks */ = {
			isa = PBXGroup;
			children = (
				799D25671DC28978005AC0D9 /* CoreLocation.framework */,
			);
			name = Frameworks;
			sourceTree = "<group>";
		};
		79C31AD71DA4A520005A060F = {
			isa = PBXGroup;
			children = (
				79C31AE21DA4A520005A060F /* T Capstone */,
				79C31AF71DA4A520005A060F /* T CapstoneTests */,
				79C31B021DA4A520005A060F /* T CapstoneUITests */,
				79C31AE11DA4A520005A060F /* Products */,
				799D25661DC28978005AC0D9 /* Frameworks */,
			);
			sourceTree = "<group>";
		};
		79C31AE11DA4A520005A060F /* Products */ = {
			isa = PBXGroup;
			children = (
				79C31AE01DA4A520005A060F /* T Capstone.app */,
				79C31AF41DA4A520005A060F /* T CapstoneTests.xctest */,
				79C31AFF1DA4A520005A060F /* T CapstoneUITests.xctest */,
			);
			name = Products;
			sourceTree = "<group>";
		};
		79C31AE21DA4A520005A060F /* T Capstone */ = {
			isa = PBXGroup;
			children = (
				797C78F51DC64FCA001D809E /* To_do */,
				79C31B121DA4A606005A060F /* APIs */,
				79C31B291DA4AEED005A060F /* Views */,
				79C31B171DA4A759005A060F /* CoreData */,
				79C31B111DA4A5E4005A060F /* Controller */,
				79C31AE31DA4A520005A060F /* AppDelegate.swift */,
				79C31AEA1DA4A520005A060F /* Assets.xcassets */,
				7902C60F1DAE080C005FA334 /* Main.storyboard */,
				79C31AEC1DA4A520005A060F /* LaunchScreen.storyboard */,
				79C31AEF1DA4A520005A060F /* Info.plist */,
			);
			path = "T Capstone";
			sourceTree = "<group>";
		};
		79C31AF71DA4A520005A060F /* T CapstoneTests */ = {
			isa = PBXGroup;
			children = (
				79C31AF81DA4A520005A060F /* T_CapstoneTests.swift */,
				79C31AFA1DA4A520005A060F /* Info.plist */,
			);
			path = "T CapstoneTests";
			sourceTree = "<group>";
		};
		79C31B021DA4A520005A060F /* T CapstoneUITests */ = {
			isa = PBXGroup;
			children = (
				79C31B031DA4A520005A060F /* T_CapstoneUITests.swift */,
				79C31B051DA4A520005A060F /* Info.plist */,
			);
			path = "T CapstoneUITests";
			sourceTree = "<group>";
		};
		79C31B111DA4A5E4005A060F /* Controller */ = {
			isa = PBXGroup;
			children = (
			);
			name = Controller;
			sourceTree = "<group>";
		};
		79C31B121DA4A606005A060F /* APIs */ = {
			isa = PBXGroup;
			children = (
				79C31B131DA4A620005A060F /* SkywaysClient.swift */,
				79C31B151DA4A6DB005A060F /* SkywaysConstants.swift */,
				7902C6121DB069B6005FA334 /* AirbnbClient.swift */,
				7902C6141DB069C5005FA334 /* AirbnbConstants.swift */,
			);
			name = APIs;
			sourceTree = "<group>";
		};
		79C31B171DA4A759005A060F /* CoreData */ = {
			isa = PBXGroup;
			children = (
				79CAC4771DA86B2900D38CCE /* Pin+CoreDataProperties.swift */,
				79CAC4781DA86B2900D38CCE /* Places+CoreDataProperties.swift */,
				79CAC4791DA86B2900D38CCE /* Quotes+CoreDataProperties.swift */,
				79C31B341DA5ACFA005A060F /* Model.xcdatamodeld */,
				79C31B1B1DA4A945005A060F /* Places+CoreDataClass.swift */,
				79C31B1D1DA4A945005A060F /* Pin+CoreDataClass.swift */,
				79C31B1F1DA4A945005A060F /* Quotes+CoreDataClass.swift */,
				79C31B271DA4A959005A060F /* CoreStackManager.swift */,
			);
			name = CoreData;
			sourceTree = "<group>";
		};
		79C31B291DA4AEED005A060F /* Views */ = {
			isa = PBXGroup;
			children = (
				79C31B2A1DA4AEF9005A060F /* MapViewController.swift */,
				7902C60D1DADDED7005FA334 /* MapViewFilterViewController.swift */,
				79C31B2E1DA57312005A060F /* CustomTableViewCell.swift */,
				79C31B2C1DA4B3D8005A060F /* PinSearchViewController.swift */,
				7902C6161DB09377005FA334 /* AirbnbMapViewController.swift */,
			);
			name = Views;
			sourceTree = "<group>";
		};
/* End PBXGroup section */

/* Begin PBXNativeTarget section */
		79C31ADF1DA4A520005A060F /* T Capstone */ = {
			isa = PBXNativeTarget;
			buildConfigurationList = 79C31B081DA4A520005A060F /* Build configuration list for PBXNativeTarget "T Capstone" */;
			buildPhases = (
				79C31ADC1DA4A520005A060F /* Sources */,
				79C31ADD1DA4A520005A060F /* Frameworks */,
				79C31ADE1DA4A520005A060F /* Resources */,
			);
			buildRules = (
			);
			dependencies = (
			);
			name = "T Capstone";
			productName = "T Capstone";
			productReference = 79C31AE01DA4A520005A060F /* T Capstone.app */;
			productType = "com.apple.product-type.application";
		};
		79C31AF31DA4A520005A060F /* T CapstoneTests */ = {
			isa = PBXNativeTarget;
			buildConfigurationList = 79C31B0B1DA4A520005A060F /* Build configuration list for PBXNativeTarget "T CapstoneTests" */;
			buildPhases = (
				79C31AF01DA4A520005A060F /* Sources */,
				79C31AF11DA4A520005A060F /* Frameworks */,
				79C31AF21DA4A520005A060F /* Resources */,
			);
			buildRules = (
			);
			dependencies = (
				79C31AF61DA4A520005A060F /* PBXTargetDependency */,
			);
			name = "T CapstoneTests";
			productName = "T CapstoneTests";
			productReference = 79C31AF41DA4A520005A060F /* T CapstoneTests.xctest */;
			productType = "com.apple.product-type.bundle.unit-test";
		};
		79C31AFE1DA4A520005A060F /* T CapstoneUITests */ = {
			isa = PBXNativeTarget;
			buildConfigurationList = 79C31B0E1DA4A520005A060F /* Build configuration list for PBXNativeTarget "T CapstoneUITests" */;
			buildPhases = (
				79C31AFB1DA4A520005A060F /* Sources */,
				79C31AFC1DA4A520005A060F /* Frameworks */,
				79C31AFD1DA4A520005A060F /* Resources */,
			);
			buildRules = (
			);
			dependencies = (
				79C31B011DA4A520005A060F /* PBXTargetDependency */,
			);
			name = "T CapstoneUITests";
			productName = "T CapstoneUITests";
			productReference = 79C31AFF1DA4A520005A060F /* T CapstoneUITests.xctest */;
			productType = "com.apple.product-type.bundle.ui-testing";
		};
/* End PBXNativeTarget section */

/* Begin PBXProject section */
		79C31AD81DA4A520005A060F /* Project object */ = {
			isa = PBXProject;
			attributes = {
				LastSwiftUpdateCheck = 0800;
				LastUpgradeCheck = 0800;
				ORGANIZATIONNAME = modelf;
				TargetAttributes = {
					79C31ADF1DA4A520005A060F = {
						CreatedOnToolsVersion = 8.0;
						DevelopmentTeam = Q7UCV2ESBZ;
						ProvisioningStyle = Automatic;
					};
					79C31AF31DA4A520005A060F = {
						CreatedOnToolsVersion = 8.0;
						DevelopmentTeam = Q7UCV2ESBZ;
						ProvisioningStyle = Automatic;
						TestTargetID = 79C31ADF1DA4A520005A060F;
					};
					79C31AFE1DA4A520005A060F = {
						CreatedOnToolsVersion = 8.0;
						DevelopmentTeam = Q7UCV2ESBZ;
						ProvisioningStyle = Automatic;
						TestTargetID = 79C31ADF1DA4A520005A060F;
					};
				};
			};
			buildConfigurationList = 79C31ADB1DA4A520005A060F /* Build configuration list for PBXProject "T Capstone" */;
			compatibilityVersion = "Xcode 3.2";
			developmentRegion = English;
			hasScannedForEncodings = 0;
			knownRegions = (
				en,
				Base,
			);
			mainGroup = 79C31AD71DA4A520005A060F;
			productRefGroup = 79C31AE11DA4A520005A060F /* Products */;
			projectDirPath = "";
			projectRoot = "";
			targets = (
				79C31ADF1DA4A520005A060F /* T Capstone */,
				79C31AF31DA4A520005A060F /* T CapstoneTests */,
				79C31AFE1DA4A520005A060F /* T CapstoneUITests */,
			);
		};
/* End PBXProject section */

/* Begin PBXResourcesBuildPhase section */
		79C31ADE1DA4A520005A060F /* Resources */ = {
			isa = PBXResourcesBuildPhase;
			buildActionMask = 2147483647;
			files = (
				7902C6111DAE080C005FA334 /* Main.storyboard in Resources */,
				79C31AEE1DA4A520005A060F /* LaunchScreen.storyboard in Resources */,
				797C78F61DC64FCA001D809E /* To_do in Resources */,
				79C31AEB1DA4A520005A060F /* Assets.xcassets in Resources */,
			);
			runOnlyForDeploymentPostprocessing = 0;
		};
		79C31AF21DA4A520005A060F /* Resources */ = {
			isa = PBXResourcesBuildPhase;
			buildActionMask = 2147483647;
			files = (
			);
			runOnlyForDeploymentPostprocessing = 0;
		};
		79C31AFD1DA4A520005A060F /* Resources */ = {
			isa = PBXResourcesBuildPhase;
			buildActionMask = 2147483647;
			files = (
			);
			runOnlyForDeploymentPostprocessing = 0;
		};
/* End PBXResourcesBuildPhase section */

/* Begin PBXSourcesBuildPhase section */
		79C31ADC1DA4A520005A060F /* Sources */ = {
			isa = PBXSourcesBuildPhase;
			buildActionMask = 2147483647;
			files = (
				79CAC47B1DA86B2900D38CCE /* Places+CoreDataProperties.swift in Sources */,
				7902C6151DB069C5005FA334 /* AirbnbConstants.swift in Sources */,
				79C31B361DA5ACFA005A060F /* Model.xcdatamodeld in Sources */,
				79C31B281DA4A959005A060F /* CoreStackManager.swift in Sources */,
				79C31B161DA4A6DB005A060F /* SkywaysConstants.swift in Sources */,
				7902C6171DB09377005FA334 /* AirbnbMapViewController.swift in Sources */,
				79C31B2F1DA57312005A060F /* CustomTableViewCell.swift in Sources */,
				79C31B2B1DA4AEF9005A060F /* MapViewController.swift in Sources */,
				79C31B211DA4A945005A060F /* Places+CoreDataClass.swift in Sources */,
				79C31B231DA4A945005A060F /* Pin+CoreDataClass.swift in Sources */,
				79C31B141DA4A620005A060F /* SkywaysClient.swift in Sources */,
				79C31B251DA4A945005A060F /* Quotes+CoreDataClass.swift in Sources */,
				79CAC47C1DA86B2900D38CCE /* Quotes+CoreDataProperties.swift in Sources */,
				7902C6131DB069B6005FA334 /* AirbnbClient.swift in Sources */,
				79CAC47A1DA86B2900D38CCE /* Pin+CoreDataProperties.swift in Sources */,
				79C31B2D1DA4B3D8005A060F /* PinSearchViewController.swift in Sources */,
				7902C60E1DADDED7005FA334 /* MapViewFilterViewController.swift in Sources */,
				79C31AE41DA4A520005A060F /* AppDelegate.swift in Sources */,
			);
			runOnlyForDeploymentPostprocessing = 0;
		};
		79C31AF01DA4A520005A060F /* Sources */ = {
			isa = PBXSourcesBuildPhase;
			buildActionMask = 2147483647;
			files = (
				79C31AF91DA4A520005A060F /* T_CapstoneTests.swift in Sources */,
			);
			runOnlyForDeploymentPostprocessing = 0;
		};
		79C31AFB1DA4A520005A060F /* Sources */ = {
			isa = PBXSourcesBuildPhase;
			buildActionMask = 2147483647;
			files = (
				79C31B041DA4A520005A060F /* T_CapstoneUITests.swift in Sources */,
			);
			runOnlyForDeploymentPostprocessing = 0;
		};
/* End PBXSourcesBuildPhase section */

/* Begin PBXTargetDependency section */
		79C31AF61DA4A520005A060F /* PBXTargetDependency */ = {
			isa = PBXTargetDependency;
			target = 79C31ADF1DA4A520005A060F /* T Capstone */;
			targetProxy = 79C31AF51DA4A520005A060F /* PBXContainerItemProxy */;
		};
		79C31B011DA4A520005A060F /* PBXTargetDependency */ = {
			isa = PBXTargetDependency;
			target = 79C31ADF1DA4A520005A060F /* T Capstone */;
			targetProxy = 79C31B001DA4A520005A060F /* PBXContainerItemProxy */;
		};
/* End PBXTargetDependency section */

/* Begin PBXVariantGroup section */
		7902C60F1DAE080C005FA334 /* Main.storyboard */ = {
			isa = PBXVariantGroup;
			children = (
				7902C6101DAE080C005FA334 /* Base */,
			);
			name = Main.storyboard;
			sourceTree = "<group>";
		};
		79C31AEC1DA4A520005A060F /* LaunchScreen.storyboard */ = {
			isa = PBXVariantGroup;
			children = (
				79C31AED1DA4A520005A060F /* Base */,
			);
			name = LaunchScreen.storyboard;
			sourceTree = "<group>";
		};
/* End PBXVariantGroup section */

/* Begin XCBuildConfiguration section */
		79C31B061DA4A520005A060F /* Debug */ = {
			isa = XCBuildConfiguration;
			buildSettings = {
				ALWAYS_SEARCH_USER_PATHS = NO;
				CLANG_ANALYZER_NONNULL = YES;
				CLANG_CXX_LANGUAGE_STANDARD = "gnu++0x";
				CLANG_CXX_LIBRARY = "libc++";
				CLANG_ENABLE_MODULES = YES;
				CLANG_ENABLE_OBJC_ARC = YES;
				CLANG_WARN_BOOL_CONVERSION = YES;
				CLANG_WARN_CONSTANT_CONVERSION = YES;
				CLANG_WARN_DIRECT_OBJC_ISA_USAGE = YES_ERROR;
				CLANG_WARN_DOCUMENTATION_COMMENTS = YES;
				CLANG_WARN_EMPTY_BODY = YES;
				CLANG_WARN_ENUM_CONVERSION = YES;
				CLANG_WARN_INFINITE_RECURSION = YES;
				CLANG_WARN_INT_CONVERSION = YES;
				CLANG_WARN_OBJC_ROOT_CLASS = YES_ERROR;
				CLANG_WARN_SUSPICIOUS_MOVES = YES;
				CLANG_WARN_UNREACHABLE_CODE = YES;
				CLANG_WARN__DUPLICATE_METHOD_MATCH = YES;
				"CODE_SIGN_IDENTITY[sdk=iphoneos*]" = "iPhone Developer";
				COPY_PHASE_STRIP = NO;
				DEBUG_INFORMATION_FORMAT = dwarf;
				ENABLE_STRICT_OBJC_MSGSEND = YES;
				ENABLE_TESTABILITY = YES;
				GCC_C_LANGUAGE_STANDARD = gnu99;
				GCC_DYNAMIC_NO_PIC = NO;
				GCC_NO_COMMON_BLOCKS = YES;
				GCC_OPTIMIZATION_LEVEL = 0;
				GCC_PREPROCESSOR_DEFINITIONS = (
					"DEBUG=1",
					"$(inherited)",
				);
				GCC_WARN_64_TO_32_BIT_CONVERSION = YES;
				GCC_WARN_ABOUT_RETURN_TYPE = YES_ERROR;
				GCC_WARN_UNDECLARED_SELECTOR = YES;
				GCC_WARN_UNINITIALIZED_AUTOS = YES_AGGRESSIVE;
				GCC_WARN_UNUSED_FUNCTION = YES;
				GCC_WARN_UNUSED_VARIABLE = YES;
				IPHONEOS_DEPLOYMENT_TARGET = 10.0;
				MTL_ENABLE_DEBUG_INFO = YES;
				ONLY_ACTIVE_ARCH = YES;
				SDKROOT = iphoneos;
				SWIFT_ACTIVE_COMPILATION_CONDITIONS = DEBUG;
				SWIFT_OPTIMIZATION_LEVEL = "-Onone";
				TARGETED_DEVICE_FAMILY = "1,2";
			};
			name = Debug;
		};
		79C31B071DA4A520005A060F /* Release */ = {
			isa = XCBuildConfiguration;
			buildSettings = {
				ALWAYS_SEARCH_USER_PATHS = NO;
				CLANG_ANALYZER_NONNULL = YES;
				CLANG_CXX_LANGUAGE_STANDARD = "gnu++0x";
				CLANG_CXX_LIBRARY = "libc++";
				CLANG_ENABLE_MODULES = YES;
				CLANG_ENABLE_OBJC_ARC = YES;
				CLANG_WARN_BOOL_CONVERSION = YES;
				CLANG_WARN_CONSTANT_CONVERSION = YES;
				CLANG_WARN_DIRECT_OBJC_ISA_USAGE = YES_ERROR;
				CLANG_WARN_DOCUMENTATION_COMMENTS = YES;
				CLANG_WARN_EMPTY_BODY = YES;
				CLANG_WARN_ENUM_CONVERSION = YES;
				CLANG_WARN_INFINITE_RECURSION = YES;
				CLANG_WARN_INT_CONVERSION = YES;
				CLANG_WARN_OBJC_ROOT_CLASS = YES_ERROR;
				CLANG_WARN_SUSPICIOUS_MOVES = YES;
				CLANG_WARN_UNREACHABLE_CODE = YES;
				CLANG_WARN__DUPLICATE_METHOD_MATCH = YES;
				"CODE_SIGN_IDENTITY[sdk=iphoneos*]" = "iPhone Developer";
				COPY_PHASE_STRIP = NO;
				DEBUG_INFORMATION_FORMAT = "dwarf-with-dsym";
				ENABLE_NS_ASSERTIONS = NO;
				ENABLE_STRICT_OBJC_MSGSEND = YES;
				GCC_C_LANGUAGE_STANDARD = gnu99;
				GCC_NO_COMMON_BLOCKS = YES;
				GCC_WARN_64_TO_32_BIT_CONVERSION = YES;
				GCC_WARN_ABOUT_RETURN_TYPE = YES_ERROR;
				GCC_WARN_UNDECLARED_SELECTOR = YES;
				GCC_WARN_UNINITIALIZED_AUTOS = YES_AGGRESSIVE;
				GCC_WARN_UNUSED_FUNCTION = YES;
				GCC_WARN_UNUSED_VARIABLE = YES;
				IPHONEOS_DEPLOYMENT_TARGET = 10.0;
				MTL_ENABLE_DEBUG_INFO = NO;
				SDKROOT = iphoneos;
				SWIFT_OPTIMIZATION_LEVEL = "-Owholemodule";
				TARGETED_DEVICE_FAMILY = "1,2";
				VALIDATE_PRODUCT = YES;
			};
			name = Release;
		};
		79C31B091DA4A520005A060F /* Debug */ = {
			isa = XCBuildConfiguration;
			buildSettings = {
				ASSETCATALOG_COMPILER_APPICON_NAME = AppIcon;
				DEVELOPMENT_TEAM = Q7UCV2ESBZ;
				INFOPLIST_FILE = "T Capstone/Info.plist";
				LD_RUNPATH_SEARCH_PATHS = "$(inherited) @executable_path/Frameworks";
				PRODUCT_BUNDLE_IDENTIFIER = "me.T-Capstone";
				PRODUCT_NAME = "$(TARGET_NAME)";
				SWIFT_VERSION = 3.0;
			};
			name = Debug;
		};
		79C31B0A1DA4A520005A060F /* Release */ = {
			isa = XCBuildConfiguration;
			buildSettings = {
				ASSETCATALOG_COMPILER_APPICON_NAME = AppIcon;
				DEVELOPMENT_TEAM = Q7UCV2ESBZ;
				INFOPLIST_FILE = "T Capstone/Info.plist";
				LD_RUNPATH_SEARCH_PATHS = "$(inherited) @executable_path/Frameworks";
				PRODUCT_BUNDLE_IDENTIFIER = "me.T-Capstone";
				PRODUCT_NAME = "$(TARGET_NAME)";
				SWIFT_VERSION = 3.0;
			};
			name = Release;
		};
		79C31B0C1DA4A520005A060F /* Debug */ = {
			isa = XCBuildConfiguration;
			buildSettings = {
				ALWAYS_EMBED_SWIFT_STANDARD_LIBRARIES = YES;
				BUNDLE_LOADER = "$(TEST_HOST)";
				DEVELOPMENT_TEAM = Q7UCV2ESBZ;
				INFOPLIST_FILE = "T CapstoneTests/Info.plist";
				LD_RUNPATH_SEARCH_PATHS = "$(inherited) @executable_path/Frameworks @loader_path/Frameworks";
				PRODUCT_BUNDLE_IDENTIFIER = "me.T-CapstoneTests";
				PRODUCT_NAME = "$(TARGET_NAME)";
				SWIFT_VERSION = 3.0;
				TEST_HOST = "$(BUILT_PRODUCTS_DIR)/T Capstone.app/T Capstone";
			};
			name = Debug;
		};
		79C31B0D1DA4A520005A060F /* Release */ = {
			isa = XCBuildConfiguration;
			buildSettings = {
				ALWAYS_EMBED_SWIFT_STANDARD_LIBRARIES = YES;
				BUNDLE_LOADER = "$(TEST_HOST)";
				DEVELOPMENT_TEAM = Q7UCV2ESBZ;
				INFOPLIST_FILE = "T CapstoneTests/Info.plist";
				LD_RUNPATH_SEARCH_PATHS = "$(inherited) @executable_path/Frameworks @loader_path/Frameworks";
				PRODUCT_BUNDLE_IDENTIFIER = "me.T-CapstoneTests";
				PRODUCT_NAME = "$(TARGET_NAME)";
				SWIFT_VERSION = 3.0;
				TEST_HOST = "$(BUILT_PRODUCTS_DIR)/T Capstone.app/T Capstone";
			};
			name = Release;
		};
		79C31B0F1DA4A520005A060F /* Debug */ = {
			isa = XCBuildConfiguration;
			buildSettings = {
				ALWAYS_EMBED_SWIFT_STANDARD_LIBRARIES = YES;
				DEVELOPMENT_TEAM = Q7UCV2ESBZ;
				INFOPLIST_FILE = "T CapstoneUITests/Info.plist";
				LD_RUNPATH_SEARCH_PATHS = "$(inherited) @executable_path/Frameworks @loader_path/Frameworks";
				PRODUCT_BUNDLE_IDENTIFIER = "me.T-CapstoneUITests";
				PRODUCT_NAME = "$(TARGET_NAME)";
				SWIFT_VERSION = 3.0;
				TEST_TARGET_NAME = "T Capstone";
			};
			name = Debug;
		};
		79C31B101DA4A520005A060F /* Release */ = {
			isa = XCBuildConfiguration;
			buildSettings = {
				ALWAYS_EMBED_SWIFT_STANDARD_LIBRARIES = YES;
				DEVELOPMENT_TEAM = Q7UCV2ESBZ;
				INFOPLIST_FILE = "T CapstoneUITests/Info.plist";
				LD_RUNPATH_SEARCH_PATHS = "$(inherited) @executable_path/Frameworks @loader_path/Frameworks";
				PRODUCT_BUNDLE_IDENTIFIER = "me.T-CapstoneUITests";
				PRODUCT_NAME = "$(TARGET_NAME)";
				SWIFT_VERSION = 3.0;
				TEST_TARGET_NAME = "T Capstone";
			};
			name = Release;
		};
/* End XCBuildConfiguration section */

/* Begin XCConfigurationList section */
		79C31ADB1DA4A520005A060F /* Build configuration list for PBXProject "T Capstone" */ = {
			isa = XCConfigurationList;
			buildConfigurations = (
				79C31B061DA4A520005A060F /* Debug */,
				79C31B071DA4A520005A060F /* Release */,
			);
			defaultConfigurationIsVisible = 0;
			defaultConfigurationName = Release;
		};
		79C31B081DA4A520005A060F /* Build configuration list for PBXNativeTarget "T Capstone" */ = {
			isa = XCConfigurationList;
			buildConfigurations = (
				79C31B091DA4A520005A060F /* Debug */,
				79C31B0A1DA4A520005A060F /* Release */,
			);
			defaultConfigurationIsVisible = 0;
			defaultConfigurationName = Release;
		};
		79C31B0B1DA4A520005A060F /* Build configuration list for PBXNativeTarget "T CapstoneTests" */ = {
			isa = XCConfigurationList;
			buildConfigurations = (
				79C31B0C1DA4A520005A060F /* Debug */,
				79C31B0D1DA4A520005A060F /* Release */,
			);
			defaultConfigurationIsVisible = 0;
			defaultConfigurationName = Release;
		};
		79C31B0E1DA4A520005A060F /* Build configuration list for PBXNativeTarget "T CapstoneUITests" */ = {
			isa = XCConfigurationList;
			buildConfigurations = (
				79C31B0F1DA4A520005A060F /* Debug */,
				79C31B101DA4A520005A060F /* Release */,
			);
			defaultConfigurationIsVisible = 0;
			defaultConfigurationName = Release;
		};
/* End XCConfigurationList section */

/* Begin XCVersionGroup section */
		79C31B341DA5ACFA005A060F /* Model.xcdatamodeld */ = {
			isa = XCVersionGroup;
			children = (
				79C31B351DA5ACFA005A060F /* Model.xcdatamodel */,
			);
			currentVersion = 79C31B351DA5ACFA005A060F /* Model.xcdatamodel */;
			path = Model.xcdatamodeld;
			sourceTree = "<group>";
			versionGroupType = wrapper.xcdatamodel;
		};
/* End XCVersionGroup section */
	};
	rootObject = 79C31AD81DA4A520005A060F /* Project object */;
}
